PODS:
  - Alamofire (5.0.2)
  - RxCocoa (4.5.0):
    - RxSwift (>= 4.4.2, ~> 4.4)
  - RxSwift (4.5.0)
  - SVProgressHUD (2.2.5)

DEPENDENCIES:
  - Alamofire
  - RxCocoa (~> 4.0)
  - RxSwift (~> 4.0)
  - SVProgressHUD

SPEC REPOS:
  trunk:
    - Alamofire
    - RxCocoa
    - RxSwift
    - SVProgressHUD

SPEC CHECKSUMS:
  Alamofire: 3ba7a4db18b4f62c4a1c0e1cb39d7f3d52e10ada
  RxCocoa: cbf70265dc65a981d4ac982e513c10cf23df24a0
  RxSwift: f172070dfd1a93d70a9ab97a5a01166206e1c575
  SVProgressHUD: 1428aafac632c1f86f62aa4243ec12008d7a51d6

PODFILE CHECKSUM: 081da070e5fd364ea23e3ab9133e728120629733

COCOAPODS: 1.8.4
